
Microsoft Visual Studio Solution File, Format Version 12.00
# Visual Studio 14
VisualStudioVersion = 14.0.23107.0
MinimumVisualStudioVersion = 10.0.40219.1
Project("{FAE04EC0-301F-11D3-BF4B-00C04F79EFBC}") = "NCleanArchitecture.Domain", "NCleanArchitecture.Domain\NCleanArchitecture.Domain.csproj", "{A21E5A64-E61E-4B68-9A5E-ECD68FA90D7A}"
EndProject
Project("{FAE04EC0-301F-11D3-BF4B-00C04F79EFBC}") = "NCleanArchitecture.Application", "NCleanArchitecture.Application\NCleanArchitecture.Application.csproj", "{4303C6B8-5BAE-405A-825B-2C1869859D68}"
EndProject
Project("{FAE04EC0-301F-11D3-BF4B-00C04F79EFBC}") = "NCleanArchitecture.CompositionRoot", "NCleanArchitecture.CompositionRoot\NCleanArchitecture.CompositionRoot.csproj", "{C9B69115-1679-4EC6-BB08-DA9CF100F158}"
EndProject
Project("{FAE04EC0-301F-11D3-BF4B-00C04F79EFBC}") = "NCleanArchitecture.Infrastructure", "NCleanArchitecture.Infrastructure\NCleanArchitecture.Infrastructure.csproj", "{8CB13821-B0D5-4BF6-AF87-2072F9139959}"
EndProject
Global
	GlobalSection(SolutionConfigurationPlatforms) = preSolution
		Debug|Any CPU = Debug|Any CPU
		Release|Any CPU = Release|Any CPU
	EndGlobalSection
	GlobalSection(ProjectConfigurationPlatforms) = postSolution
		{A21E5A64-E61E-4B68-9A5E-ECD68FA90D7A}.Debug|Any CPU.ActiveCfg = Debug|Any CPU
		{A21E5A64-E61E-4B68-9A5E-ECD68FA90D7A}.Debug|Any CPU.Build.0 = Debug|Any CPU
		{A21E5A64-E61E-4B68-9A5E-ECD68FA90D7A}.Release|Any CPU.ActiveCfg = Release|Any CPU
		{A21E5A64-E61E-4B68-9A5E-ECD68FA90D7A}.Release|Any CPU.Build.0 = Release|Any CPU
		{4303C6B8-5BAE-405A-825B-2C1869859D68}.Debug|Any CPU.ActiveCfg = Debug|Any CPU
		{4303C6B8-5BAE-405A-825B-2C1869859D68}.Debug|Any CPU.Build.0 = Debug|Any CPU
		{4303C6B8-5BAE-405A-825B-2C1869859D68}.Release|Any CPU.ActiveCfg = Release|Any CPU
		{4303C6B8-5BAE-405A-825B-2C1869859D68}.Release|Any CPU.Build.0 = Release|Any CPU
		{C9B69115-1679-4EC6-BB08-DA9CF100F158}.Debug|Any CPU.ActiveCfg = Debug|Any CPU
		{C9B69115-1679-4EC6-BB08-DA9CF100F158}.Debug|Any CPU.Build.0 = Debug|Any CPU
		{C9B69115-1679-4EC6-BB08-DA9CF100F158}.Release|Any CPU.ActiveCfg = Release|Any CPU
		{C9B69115-1679-4EC6-BB08-DA9CF100F158}.Release|Any CPU.Build.0 = Release|Any CPU
		{8CB13821-B0D5-4BF6-AF87-2072F9139959}.Debug|Any CPU.ActiveCfg = Debug|Any CPU
		{8CB13821-B0D5-4BF6-AF87-2072F9139959}.Debug|Any CPU.Build.0 = Debug|Any CPU
		{8CB13821-B0D5-4BF6-AF87-2072F9139959}.Release|Any CPU.ActiveCfg = Release|Any CPU
		{8CB13821-B0D5-4BF6-AF87-2072F9139959}.Release|Any CPU.Build.0 = Release|Any CPU
	EndGlobalSection
	GlobalSection(SolutionProperties) = preSolution
		HideSolutionNode = FALSE
	EndGlobalSection
EndGlobal
